
Microsoft Visual Studio Solution File, Format Version 12.00
# Visual Studio Version 17
VisualStudioVersion = 17.8.34316.72
MinimumVisualStudioVersion = 10.0.40219.1
Project("{2150E333-8FDC-42A3-9474-1A3956D46DE8}") = "Application", "Application", "{CBE506A0-8729-4FC8-A8AC-E07F8EA5030F}"
EndProject
Project("{2150E333-8FDC-42A3-9474-1A3956D46DE8}") = "Domain", "Domain", "{F1ECC4A3-0DB7-4F44-B917-BC9D205346AF}"
EndProject
Project("{2150E333-8FDC-42A3-9474-1A3956D46DE8}") = "Infra.IoC", "Infra.IoC", "{28CEE6C0-6FBE-49FE-9538-223B18A382B2}"
EndProject
Project("{2150E333-8FDC-42A3-9474-1A3956D46DE8}") = "Infra.Data", "Infra.Data", "{2C084D3F-524C-4B7D-A5B9-C1B328731C30}"
EndProject
Project("{2150E333-8FDC-42A3-9474-1A3956D46DE8}") = "Presentation", "Presentation", "{1B44E957-7CAA-4881-ABEF-4DC582BCBC8D}"
EndProject
Project("{9A19103F-16F7-4668-BE54-9A1E7A4F7556}") = "CleanArchitecture.Mvc", "CleanArchitecture.Mvc\CleanArchitecture.Mvc.csproj", "{B55B6A5C-E82B-464B-9BE0-0C8158290E3F}"
EndProject
Project("{9A19103F-16F7-4668-BE54-9A1E7A4F7556}") = "CleanArchitecture.Domain", "CleanArchitecture.Domain\CleanArchitecture.Domain.csproj", "{564562E6-70CD-40AD-BF74-6ECED2754C9F}"
EndProject
Project("{9A19103F-16F7-4668-BE54-9A1E7A4F7556}") = "CleanArchitecture.Application", "CleanArchitecture.Application\CleanArchitecture.Application.csproj", "{E8F5EE68-1D06-4D06-9B5E-3400A063A3D2}"
EndProject
Project("{9A19103F-16F7-4668-BE54-9A1E7A4F7556}") = "CleanArchitecture.Infra.IoC", "CleanArchitecture.Infra.IoC\CleanArchitecture.Infra.IoC.csproj", "{2A0EC54F-AB74-4FF5-9CAF-AC325A0631FF}"
EndProject
Project("{9A19103F-16F7-4668-BE54-9A1E7A4F7556}") = "CleanArchitecture.Infra.Data", "CleanArchitecture.Infra.Data\CleanArchitecture.Infra.Data.csproj", "{3F8F4B4C-E5EF-4AE4-985C-29ED68DAEF2B}"
EndProject
Project("{2150E333-8FDC-42A3-9474-1A3956D46DE8}") = "Infra.Bus", "Infra.Bus", "{FE55DC5B-F0AD-497C-8044-96A0A498924D}"
EndProject
Project("{2150E333-8FDC-42A3-9474-1A3956D46DE8}") = "Api", "Api", "{C0687896-BB5B-4E65-A91E-18904BEEC12A}"
EndProject
Project("{9A19103F-16F7-4668-BE54-9A1E7A4F7556}") = "CleanArchitecture.Infra.Bus", "CleanArchitecture.Infra.Bus\CleanArchitecture.Infra.Bus.csproj", "{BE35B326-5449-4BF1-97C7-D7E2F70F0C89}"
EndProject
Project("{9A19103F-16F7-4668-BE54-9A1E7A4F7556}") = "CleanArchitecture.Domain.Core", "CleanArchitecture.Domain.Core\CleanArchitecture.Domain.Core.csproj", "{FA8733C5-2FA0-4683-96E8-C221216CFDC4}"
EndProject
Project("{FAE04EC0-301F-11D3-BF4B-00C04F79EFBC}") = "CleanArchitecture.Api", "CleanArchitecture.Api\CleanArchitecture.Api.csproj", "{22DEC6D4-1808-4E9F-8857-5C4B15B0D749}"
EndProject
Global
	GlobalSection(SolutionConfigurationPlatforms) = preSolution
		Debug|Any CPU = Debug|Any CPU
		Release|Any CPU = Release|Any CPU
	EndGlobalSection
	GlobalSection(ProjectConfigurationPlatforms) = postSolution
		{B55B6A5C-E82B-464B-9BE0-0C8158290E3F}.Debug|Any CPU.ActiveCfg = Debug|Any CPU
		{B55B6A5C-E82B-464B-9BE0-0C8158290E3F}.Debug|Any CPU.Build.0 = Debug|Any CPU
		{B55B6A5C-E82B-464B-9BE0-0C8158290E3F}.Release|Any CPU.ActiveCfg = Release|Any CPU
		{B55B6A5C-E82B-464B-9BE0-0C8158290E3F}.Release|Any CPU.Build.0 = Release|Any CPU
		{564562E6-70CD-40AD-BF74-6ECED2754C9F}.Debug|Any CPU.ActiveCfg = Debug|Any CPU
		{564562E6-70CD-40AD-BF74-6ECED2754C9F}.Debug|Any CPU.Build.0 = Debug|Any CPU
		{564562E6-70CD-40AD-BF74-6ECED2754C9F}.Release|Any CPU.ActiveCfg = Release|Any CPU
		{564562E6-70CD-40AD-BF74-6ECED2754C9F}.Release|Any CPU.Build.0 = Release|Any CPU
		{E8F5EE68-1D06-4D06-9B5E-3400A063A3D2}.Debug|Any CPU.ActiveCfg = Debug|Any CPU
		{E8F5EE68-1D06-4D06-9B5E-3400A063A3D2}.Debug|Any CPU.Build.0 = Debug|Any CPU
		{E8F5EE68-1D06-4D06-9B5E-3400A063A3D2}.Release|Any CPU.ActiveCfg = Release|Any CPU
		{E8F5EE68-1D06-4D06-9B5E-3400A063A3D2}.Release|Any CPU.Build.0 = Release|Any CPU
		{2A0EC54F-AB74-4FF5-9CAF-AC325A0631FF}.Debug|Any CPU.ActiveCfg = Debug|Any CPU
		{2A0EC54F-AB74-4FF5-9CAF-AC325A0631FF}.Debug|Any CPU.Build.0 = Debug|Any CPU
		{2A0EC54F-AB74-4FF5-9CAF-AC325A0631FF}.Release|Any CPU.ActiveCfg = Release|Any CPU
		{2A0EC54F-AB74-4FF5-9CAF-AC325A0631FF}.Release|Any CPU.Build.0 = Release|Any CPU
		{3F8F4B4C-E5EF-4AE4-985C-29ED68DAEF2B}.Debug|Any CPU.ActiveCfg = Debug|Any CPU
		{3F8F4B4C-E5EF-4AE4-985C-29ED68DAEF2B}.Debug|Any CPU.Build.0 = Debug|Any CPU
		{3F8F4B4C-E5EF-4AE4-985C-29ED68DAEF2B}.Release|Any CPU.ActiveCfg = Release|Any CPU
		{3F8F4B4C-E5EF-4AE4-985C-29ED68DAEF2B}.Release|Any CPU.Build.0 = Release|Any CPU
		{BE35B326-5449-4BF1-97C7-D7E2F70F0C89}.Debug|Any CPU.ActiveCfg = Debug|Any CPU
		{BE35B326-5449-4BF1-97C7-D7E2F70F0C89}.Debug|Any CPU.Build.0 = Debug|Any CPU
		{BE35B326-5449-4BF1-97C7-D7E2F70F0C89}.Release|Any CPU.ActiveCfg = Release|Any CPU
		{BE35B326-5449-4BF1-97C7-D7E2F70F0C89}.Release|Any CPU.Build.0 = Release|Any CPU
		{FA8733C5-2FA0-4683-96E8-C221216CFDC4}.Debug|Any CPU.ActiveCfg = Debug|Any CPU
		{FA8733C5-2FA0-4683-96E8-C221216CFDC4}.Debug|Any CPU.Build.0 = Debug|Any CPU
		{FA8733C5-2FA0-4683-96E8-C221216CFDC4}.Release|Any CPU.ActiveCfg = Release|Any CPU
		{FA8733C5-2FA0-4683-96E8-C221216CFDC4}.Release|Any CPU.Build.0 = Release|Any CPU
		{22DEC6D4-1808-4E9F-8857-5C4B15B0D749}.Debug|Any CPU.ActiveCfg = Debug|Any CPU
		{22DEC6D4-1808-4E9F-8857-5C4B15B0D749}.Debug|Any CPU.Build.0 = Debug|Any CPU
		{22DEC6D4-1808-4E9F-8857-5C4B15B0D749}.Release|Any CPU.ActiveCfg = Release|Any CPU
		{22DEC6D4-1808-4E9F-8857-5C4B15B0D749}.Release|Any CPU.Build.0 = Release|Any CPU
	EndGlobalSection
	GlobalSection(SolutionProperties) = preSolution
		HideSolutionNode = FALSE
	EndGlobalSection
	GlobalSection(NestedProjects) = preSolution
		{B55B6A5C-E82B-464B-9BE0-0C8158290E3F} = {1B44E957-7CAA-4881-ABEF-4DC582BCBC8D}
		{564562E6-70CD-40AD-BF74-6ECED2754C9F} = {F1ECC4A3-0DB7-4F44-B917-BC9D205346AF}
		{E8F5EE68-1D06-4D06-9B5E-3400A063A3D2} = {CBE506A0-8729-4FC8-A8AC-E07F8EA5030F}
		{2A0EC54F-AB74-4FF5-9CAF-AC325A0631FF} = {28CEE6C0-6FBE-49FE-9538-223B18A382B2}
		{3F8F4B4C-E5EF-4AE4-985C-29ED68DAEF2B} = {2C084D3F-524C-4B7D-A5B9-C1B328731C30}
		{BE35B326-5449-4BF1-97C7-D7E2F70F0C89} = {FE55DC5B-F0AD-497C-8044-96A0A498924D}
		{FA8733C5-2FA0-4683-96E8-C221216CFDC4} = {F1ECC4A3-0DB7-4F44-B917-BC9D205346AF}
		{22DEC6D4-1808-4E9F-8857-5C4B15B0D749} = {C0687896-BB5B-4E65-A91E-18904BEEC12A}
	EndGlobalSection
	GlobalSection(ExtensibilityGlobals) = postSolution
		SolutionGuid = {FCFC2AA9-E004-4087-822E-26053058E2D5}
	EndGlobalSection
EndGlobal
